// !$*UTF8*$!
{
	archiveVersion = 1;
	classes = {
	};
	objectVersion = 46;
	objects = {

/* Begin PBXBuildFile section */
		384143091A5D874100A13778 /* AppDelegate.swift in Sources */ = {isa = PBXBuildFile; fileRef = 384143081A5D874100A13778 /* AppDelegate.swift */; };
		3841430B1A5D874100A13778 /* ViewController.swift in Sources */ = {isa = PBXBuildFile; fileRef = 3841430A1A5D874100A13778 /* ViewController.swift */; };
		3841430E1A5D874100A13778 /* Main.storyboard in Resources */ = {isa = PBXBuildFile; fileRef = 3841430C1A5D874100A13778 /* Main.storyboard */; };
		384143101A5D874200A13778 /* Images.xcassets in Resources */ = {isa = PBXBuildFile; fileRef = 3841430F1A5D874200A13778 /* Images.xcassets */; };
		384143131A5D874200A13778 /* LaunchScreen.xib in Resources */ = {isa = PBXBuildFile; fileRef = 384143111A5D874200A13778 /* LaunchScreen.xib */; };
		3841431F1A5D874200A13778 /* stuffffffffTests.swift in Sources */ = {isa = PBXBuildFile; fileRef = 3841431E1A5D874200A13778 /* stuffffffffTests.swift */; };
/* End PBXBuildFile section */

/* Begin PBXContainerItemProxy section */
		384143191A5D874200A13778 /* PBXContainerItemProxy */ = {
			isa = PBXContainerItemProxy;
			containerPortal = 384142FB1A5D874100A13778 /* Project object */;
			proxyType = 1;
			remoteGlobalIDString = 384143021A5D874100A13778;
			remoteInfo = stuffffffff;
		};
/* End PBXContainerItemProxy section */

/* Begin PBXFileReference section */
		384143031A5D874100A13778 /* stuffffffff.app */ = {isa = PBXFileReference; explicitFileType = wrapper.application; includeInIndex = 0; path = stuffffffff.app; sourceTree = BUILT_PRODUCTS_DIR; };
		384143071A5D874100A13778 /* Info.plist */ = {isa = PBXFileReference; lastKnownFileType = text.plist.xml; path = Info.plist; sourceTree = "<group>"; };
		384143081A5D874100A13778 /* AppDelegate.swift */ = {isa = PBXFileReference; lastKnownFileType = sourcecode.swift; path = AppDelegate.swift; sourceTree = "<group>"; };
		3841430A1A5D874100A13778 /* ViewController.swift */ = {isa = PBXFileReference; lastKnownFileType = sourcecode.swift; path = ViewController.swift; sourceTree = "<group>"; };
		3841430D1A5D874100A13778 /* Base */ = {isa = PBXFileReference; lastKnownFileType = file.storyboard; name = Base; path = Base.lproj/Main.storyboard; sourceTree = "<group>"; };
		3841430F1A5D874200A13778 /* Images.xcassets */ = {isa = PBXFileReference; lastKnownFileType = folder.assetcatalog; path = Images.xcassets; sourceTree = "<group>"; };
		384143121A5D874200A13778 /* Base */ = {isa = PBXFileReference; lastKnownFileType = file.xib; name = Base; path = Base.lproj/LaunchScreen.xib; sourceTree = "<group>"; };
		384143181A5D874200A13778 /* stuffffffffTests.xctest */ = {isa = PBXFileReference; explicitFileType = wrapper.cfbundle; includeInIndex = 0; path = stuffffffffTests.xctest; sourceTree = BUILT_PRODUCTS_DIR; };
		3841431D1A5D874200A13778 /* Info.plist */ = {isa = PBXFileReference; lastKnownFileType = text.plist.xml; path = Info.plist; sourceTree = "<group>"; };
		3841431E1A5D874200A13778 /* stuffffffffTests.swift */ = {isa = PBXFileReference; lastKnownFileType = sourcecode.swift; path = stuffffffffTests.swift; sourceTree = "<group>"; };
/* End PBXFileReference section */

/* Begin PBXFrameworksBuildPhase section */
		384143001A5D874100A13778 /* Frameworks */ = {
			isa = PBXFrameworksBuildPhase;
			buildActionMask = 2147483647;
			files = (
			);
			runOnlyForDeploymentPostprocessing = 0;
		};
		384143151A5D874200A13778 /* Frameworks */ = {
			isa = PBXFrameworksBuildPhase;
			buildActionMask = 2147483647;
			files = (
			);
			runOnlyForDeploymentPostprocessing = 0;
		};
/* End PBXFrameworksBuildPhase section */

/* Begin PBXGroup section */
		384142FA1A5D874100A13778 = {
			isa = PBXGroup;
			children = (
				384143051A5D874100A13778 /* stuffffffff */,
				3841431B1A5D874200A13778 /* stuffffffffTests */,
				384143041A5D874100A13778 /* Products */,
			);
			sourceTree = "<group>";
		};
		384143041A5D874100A13778 /* Products */ = {
			isa = PBXGroup;
			children = (
				384143031A5D874100A13778 /* stuffffffff.app */,
				384143181A5D874200A13778 /* stuffffffffTests.xctest */,
			);
			name = Products;
			sourceTree = "<group>";
		};
		384143051A5D874100A13778 /* stuffffffff */ = {
			isa = PBXGroup;
			children = (
				384143081A5D874100A13778 /* AppDelegate.swift */,
				3841430A1A5D874100A13778 /* ViewController.swift */,
				3841430C1A5D874100A13778 /* Main.storyboard */,
				3841430F1A5D874200A13778 /* Images.xcassets */,
				384143111A5D874200A13778 /* LaunchScreen.xib */,
				384143061A5D874100A13778 /* Supporting Files */,
			);
			path = stuffffffff;
			sourceTree = "<group>";
		};
		384143061A5D874100A13778 /* Supporting Files */ = {
			isa = PBXGroup;
			children = (
				384143071A5D874100A13778 /* Info.plist */,
			);
			name = "Supporting Files";
			sourceTree = "<group>";
		};
		3841431B1A5D874200A13778 /* stuffffffffTests */ = {
			isa = PBXGroup;
			children = (
				3841431E1A5D874200A13778 /* stuffffffffTests.swift */,
				3841431C1A5D874200A13778 /* Supporting Files */,
			);
			path = stuffffffffTests;
			sourceTree = "<group>";
		};
		3841431C1A5D874200A13778 /* Supporting Files */ = {
			isa = PBXGroup;
			children = (
				3841431D1A5D874200A13778 /* Info.plist */,
			);
			name = "Supporting Files";
			sourceTree = "<group>";
		};
/* End PBXGroup section */

/* Begin PBXNativeTarget section */
		384143021A5D874100A13778 /* stuffffffff */ = {
			isa = PBXNativeTarget;
			buildConfigurationList = 384143221A5D874200A13778 /* Build configuration list for PBXNativeTarget "stuffffffff" */;
			buildPhases = (
				384142FF1A5D874100A13778 /* Sources */,
				384143001A5D874100A13778 /* Frameworks */,
				384143011A5D874100A13778 /* Resources */,
			);
			buildRules = (
			);
			dependencies = (
			);
			name = stuffffffff;
			productName = stuffffffff;
			productReference = 384143031A5D874100A13778 /* stuffffffff.app */;
			productType = "com.apple.product-type.application";
		};
		384143171A5D874200A13778 /* stuffffffffTests */ = {
			isa = PBXNativeTarget;
			buildConfigurationList = 384143251A5D874200A13778 /* Build configuration list for PBXNativeTarget "stuffffffffTests" */;
			buildPhases = (
				384143141A5D874200A13778 /* Sources */,
				384143151A5D874200A13778 /* Frameworks */,
				384143161A5D874200A13778 /* Resources */,
			);
			buildRules = (
			);
			dependencies = (
				3841431A1A5D874200A13778 /* PBXTargetDependency */,
			);
			name = stuffffffffTests;
			productName = stuffffffffTests;
			productReference = 384143181A5D874200A13778 /* stuffffffffTests.xctest */;
			productType = "com.apple.product-type.bundle.unit-test";
		};
/* End PBXNativeTarget section */

/* Begin PBXProject section */
		384142FB1A5D874100A13778 /* Project object */ = {
			isa = PBXProject;
			attributes = {
				LastUpgradeCheck = 0610;
				ORGANIZATIONNAME = "Adam Scott Zillinger";
				TargetAttributes = {
					384143021A5D874100A13778 = {
						CreatedOnToolsVersion = 6.1.1;
					};
					384143171A5D874200A13778 = {
						CreatedOnToolsVersion = 6.1.1;
						TestTargetID = 384143021A5D874100A13778;
					};
				};
			};
			buildConfigurationList = 384142FE1A5D874100A13778 /* Build configuration list for PBXProject "stuffffffff" */;
			compatibilityVersion = "Xcode 3.2";
			developmentRegion = English;
			hasScannedForEncodings = 0;
			knownRegions = (
				en,
				Base,
			);
			mainGroup = 384142FA1A5D874100A13778;
			productRefGroup = 384143041A5D874100A13778 /* Products */;
			projectDirPath = "";
			projectRoot = "";
			targets = (
				384143021A5D874100A13778 /* stuffffffff */,
				384143171A5D874200A13778 /* stuffffffffTests */,
			);
		};
/* End PBXProject section */

/* Begin PBXResourcesBuildPhase section */
		384143011A5D874100A13778 /* Resources */ = {
			isa = PBXResourcesBuildPhase;
			buildActionMask = 2147483647;
			files = (
				3841430E1A5D874100A13778 /* Main.storyboard in Resources */,
				384143131A5D874200A13778 /* LaunchScreen.xib in Resources */,
				384143101A5D874200A13778 /* Images.xcassets in Resources */,
			);
			runOnlyForDeploymentPostprocessing = 0;
		};
		384143161A5D874200A13778 /* Resources */ = {
			isa = PBXResourcesBuildPhase;
			buildActionMask = 2147483647;
			files = (
			);
			runOnlyForDeploymentPostprocessing = 0;
		};
/* End PBXResourcesBuildPhase section */

/* Begin PBXSourcesBuildPhase section */
		384142FF1A5D874100A13778 /* Sources */ = {
			isa = PBXSourcesBuildPhase;
			buildActionMask = 2147483647;
			files = (
				3841430B1A5D874100A13778 /* ViewController.swift in Sources */,
				384143091A5D874100A13778 /* AppDelegate.swift in Sources */,
			);
			runOnlyForDeploymentPostprocessing = 0;
		};
		384143141A5D874200A13778 /* Sources */ = {
			isa = PBXSourcesBuildPhase;
			buildActionMask = 2147483647;
			files = (
				3841431F1A5D874200A13778 /* stuffffffffTests.swift in Sources */,
			);
			runOnlyForDeploymentPostprocessing = 0;
		};
/* End PBXSourcesBuildPhase section */

/* Begin PBXTargetDependency section */
		3841431A1A5D874200A13778 /* PBXTargetDependency */ = {
			isa = PBXTargetDependency;
			target = 384143021A5D874100A13778 /* stuffffffff */;
			targetProxy = 384143191A5D874200A13778 /* PBXContainerItemProxy */;
		};
/* End PBXTargetDependency section */

/* Begin PBXVariantGroup section */
		3841430C1A5D874100A13778 /* Main.storyboard */ = {
			isa = PBXVariantGroup;
			children = (
				3841430D1A5D874100A13778 /* Base */,
			);
			name = Main.storyboard;
			sourceTree = "<group>";
		};
		384143111A5D874200A13778 /* LaunchScreen.xib */ = {
			isa = PBXVariantGroup;
			children = (
				384143121A5D874200A13778 /* Base */,
			);
			name = LaunchScreen.xib;
			sourceTree = "<group>";
		};
/* End PBXVariantGroup section */

/* Begin XCBuildConfiguration section */
		384143201A5D874200A13778 /* Debug */ = {
			isa = XCBuildConfiguration;
			buildSettings = {
				ALWAYS_SEARCH_USER_PATHS = NO;
				CLANG_CXX_LANGUAGE_STANDARD = "gnu++0x";
				CLANG_CXX_LIBRARY = "libc++";
				CLANG_ENABLE_MODULES = YES;
				CLANG_ENABLE_OBJC_ARC = YES;
				CLANG_WARN_BOOL_CONVERSION = YES;
				CLANG_WARN_CONSTANT_CONVERSION = YES;
				CLANG_WARN_DIRECT_OBJC_ISA_USAGE = YES_ERROR;
				CLANG_WARN_EMPTY_BODY = YES;
				CLANG_WARN_ENUM_CONVERSION = YES;
				CLANG_WARN_INT_CONVERSION = YES;
				CLANG_WARN_OBJC_ROOT_CLASS = YES_ERROR;
				CLANG_WARN_UNREACHABLE_CODE = YES;
				CLANG_WARN__DUPLICATE_METHOD_MATCH = YES;
				"CODE_SIGN_IDENTITY[sdk=iphoneos*]" = "iPhone Developer";
				COPY_PHASE_STRIP = NO;
				ENABLE_STRICT_OBJC_MSGSEND = YES;
				GCC_C_LANGUAGE_STANDARD = gnu99;
				GCC_DYNAMIC_NO_PIC = NO;
				GCC_OPTIMIZATION_LEVEL = 0;
				GCC_PREPROCESSOR_DEFINITIONS = (
					"DEBUG=1",
					"$(inherited)",
				);
				GCC_SYMBOLS_PRIVATE_EXTERN = NO;
				GCC_WARN_64_TO_32_BIT_CONVERSION = YES;
				GCC_WARN_ABOUT_RETURN_TYPE = YES_ERROR;
				GCC_WARN_UNDECLARED_SELECTOR = YES;
				GCC_WARN_UNINITIALIZED_AUTOS = YES_AGGRESSIVE;
				GCC_WARN_UNUSED_FUNCTION = YES;
				GCC_WARN_UNUSED_VARIABLE = YES;
				IPHONEOS_DEPLOYMENT_TARGET = 8.1;
				MTL_ENABLE_DEBUG_INFO = YES;
				ONLY_ACTIVE_ARCH = YES;
				SDKROOT = iphoneos;
				SWIFT_OPTIMIZATION_LEVEL = "-Onone";
				TARGETED_DEVICE_FAMILY = "1,2";
			};
			name = Debug;
		};
		384143211A5D874200A13778 /* Release */ = {
			isa = XCBuildConfiguration;
			buildSettings = {
				ALWAYS_SEARCH_USER_PATHS = NO;
				CLANG_CXX_LANGUAGE_STANDARD = "gnu++0x";
				CLANG_CXX_LIBRARY = "libc++";
				CLANG_ENABLE_MODULES = YES;
				CLANG_ENABLE_OBJC_ARC = YES;
				CLANG_WARN_BOOL_CONVERSION = YES;
				CLANG_WARN_CONSTANT_CONVERSION = YES;
				CLANG_WARN_DIRECT_OBJC_ISA_USAGE = YES_ERROR;
				CLANG_WARN_EMPTY_BODY = YES;
				CLANG_WARN_ENUM_CONVERSION = YES;
				CLANG_WARN_INT_CONVERSION = YES;
				CLANG_WARN_OBJC_ROOT_CLASS = YES_ERROR;
				CLANG_WARN_UNREACHABLE_CODE = YES;
				CLANG_WARN__DUPLICATE_METHOD_MATCH = YES;
				"CODE_SIGN_IDENTITY[sdk=iphoneos*]" = "iPhone Developer";
				COPY_PHASE_STRIP = YES;
				ENABLE_NS_ASSERTIONS = NO;
				ENABLE_STRICT_OBJC_MSGSEND = YES;
				GCC_C_LANGUAGE_STANDARD = gnu99;
				GCC_WARN_64_TO_32_BIT_CONVERSION = YES;
				GCC_WARN_ABOUT_RETURN_TYPE = YES_ERROR;
				GCC_WARN_UNDECLARED_SELECTOR = YES;
				GCC_WARN_UNINITIALIZED_AUTOS = YES_AGGRESSIVE;
				GCC_WARN_UNUSED_FUNCTION = YES;
				GCC_WARN_UNUSED_VARIABLE = YES;
				IPHONEOS_DEPLOYMENT_TARGET = 8.1;
				MTL_ENABLE_DEBUG_INFO = NO;
				SDKROOT = iphoneos;
				TARGETED_DEVICE_FAMILY = "1,2";
				VALIDATE_PRODUCT = YES;
			};
			name = Release;
		};
		384143231A5D874200A13778 /* Debug */ = {
			isa = XCBuildConfiguration;
			buildSettings = {
				ASSETCATALOG_COMPILER_APPICON_NAME = AppIcon;
				INFOPLIST_FILE = stuffffffff/Info.plist;
				LD_RUNPATH_SEARCH_PATHS = "$(inherited) @executable_path/Frameworks";
				PRODUCT_NAME = "$(TARGET_NAME)";
			};
			name = Debug;
		};
		384143241A5D874200A13778 /* Release */ = {
			isa = XCBuildConfiguration;
			buildSettings = {
				ASSETCATALOG_COMPILER_APPICON_NAME = AppIcon;
				INFOPLIST_FILE = stuffffffff/Info.plist;
				LD_RUNPATH_SEARCH_PATHS = "$(inherited) @executable_path/Frameworks";
				PRODUCT_NAME = "$(TARGET_NAME)";
			};
			name = Release;
		};
		384143261A5D874200A13778 /* Debug */ = {
			isa = XCBuildConfiguration;
			buildSettings = {
				BUNDLE_LOADER = "$(TEST_HOST)";
				FRAMEWORK_SEARCH_PATHS = (
					"$(SDKROOT)/Developer/Library/Frameworks",
					"$(inherited)",
				);
				GCC_PREPROCESSOR_DEFINITIONS = (
					"DEBUG=1",
					"$(inherited)",
				);
				INFOPLIST_FILE = stuffffffffTests/Info.plist;
				LD_RUNPATH_SEARCH_PATHS = "$(inherited) @executable_path/Frameworks @loader_path/Frameworks";
				PRODUCT_NAME = "$(TARGET_NAME)";
				TEST_HOST = "$(BUILT_PRODUCTS_DIR)/stuffffffff.app/stuffffffff";
			};
			name = Debug;
		};
		384143271A5D874200A13778 /* Release */ = {
			isa = XCBuildConfiguration;
			buildSettings = {
				BUNDLE_LOADER = "$(TEST_HOST)";
				FRAMEWORK_SEARCH_PATHS = (
					"$(SDKROOT)/Developer/Library/Frameworks",
					"$(inherited)",
				);
				INFOPLIST_FILE = stuffffffffTests/Info.plist;
				LD_RUNPATH_SEARCH_PATHS = "$(inherited) @executable_path/Frameworks @loader_path/Frameworks";
				PRODUCT_NAME = "$(TARGET_NAME)";
				TEST_HOST = "$(BUILT_PRODUCTS_DIR)/stuffffffff.app/stuffffffff";
			};
			name = Release;
		};
/* End XCBuildConfiguration section */

/* Begin XCConfigurationList section */
		384142FE1A5D874100A13778 /* Build configuration list for PBXProject "stuffffffff" */ = {
			isa = XCConfigurationList;
			buildConfigurations = (
				384143201A5D874200A13778 /* Debug */,
				384143211A5D874200A13778 /* Release */,
			);
			defaultConfigurationIsVisible = 0;
			defaultConfigurationName = Release;
		};
		384143221A5D874200A13778 /* Build configuration list for PBXNativeTarget "stuffffffff" */ = {
			isa = XCConfigurationList;
			buildConfigurations = (
				384143231A5D874200A13778 /* Debug */,
				384143241A5D874200A13778 /* Release */,
			);
			defaultConfigurationIsVisible = 0;
		};
		384143251A5D874200A13778 /* Build configuration list for PBXNativeTarget "stuffffffffTests" */ = {
			isa = XCConfigurationList;
			buildConfigurations = (
				384143261A5D874200A13778 /* Debug */,
				384143271A5D874200A13778 /* Release */,
			);
			defaultConfigurationIsVisible = 0;
		};
/* End XCConfigurationList section */
	};
	rootObject = 384142FB1A5D874100A13778 /* Project object */;
}
